
Microsoft Visual Studio Solution File, Format Version 12.00
# Visual Studio 15
VisualStudioVersion = 15.0.28307.271
MinimumVisualStudioVersion = 10.0.40219.1
Project("{FAE04EC0-301F-11D3-BF4B-00C04F79EFBC}") = "iRacingSettingsServer", "iRacingSettingsServer\iRacingSettingsServer.csproj", "{01DF9852-6624-4754-925B-893E08E2BE6A}"
	ProjectSection(ProjectDependencies) = postProject
		{BDDB25B8-88DD-48DC-A12D-91D4574BF01B} = {BDDB25B8-88DD-48DC-A12D-91D4574BF01B}
	EndProjectSection
EndProject
Project("{FAE04EC0-301F-11D3-BF4B-00C04F79EFBC}") = "iRacingSettingsHelper", "iRacingSettingsHelper\iRacingSettingsHelper.csproj", "{BDDB25B8-88DD-48DC-A12D-91D4574BF01B}"
EndProject
Project("{54435603-DBB4-11D2-8724-00A0C9A8B90C}") = "Installer", "Installer\Installer.vdproj", "{D96ECD8A-E9C9-4009-B22A-C190EA376151}"
EndProject
Global
	GlobalSection(SolutionConfigurationPlatforms) = preSolution
		All|Any CPU = All|Any CPU
		All|Mixed Platforms = All|Mixed Platforms
		All|x86 = All|x86
		Debug|Any CPU = Debug|Any CPU
		Debug|Mixed Platforms = Debug|Mixed Platforms
		Debug|x86 = Debug|x86
		Release|Any CPU = Release|Any CPU
		Release|Mixed Platforms = Release|Mixed Platforms
		Release|x86 = Release|x86
	EndGlobalSection
	GlobalSection(ProjectConfigurationPlatforms) = postSolution
		{01DF9852-6624-4754-925B-893E08E2BE6A}.All|Any CPU.ActiveCfg = Release|Any CPU
		{01DF9852-6624-4754-925B-893E08E2BE6A}.All|Any CPU.Build.0 = Release|Any CPU
		{01DF9852-6624-4754-925B-893E08E2BE6A}.All|Mixed Platforms.ActiveCfg = Release|Any CPU
		{01DF9852-6624-4754-925B-893E08E2BE6A}.All|Mixed Platforms.Build.0 = Release|Any CPU
		{01DF9852-6624-4754-925B-893E08E2BE6A}.All|x86.ActiveCfg = Release|Any CPU
		{01DF9852-6624-4754-925B-893E08E2BE6A}.All|x86.Build.0 = Release|Any CPU
		{01DF9852-6624-4754-925B-893E08E2BE6A}.Debug|Any CPU.ActiveCfg = Debug|Any CPU
		{01DF9852-6624-4754-925B-893E08E2BE6A}.Debug|Any CPU.Build.0 = Debug|Any CPU
		{01DF9852-6624-4754-925B-893E08E2BE6A}.Debug|Mixed Platforms.ActiveCfg = Debug|Any CPU
		{01DF9852-6624-4754-925B-893E08E2BE6A}.Debug|Mixed Platforms.Build.0 = Debug|Any CPU
		{01DF9852-6624-4754-925B-893E08E2BE6A}.Debug|x86.ActiveCfg = Debug|Any CPU
		{01DF9852-6624-4754-925B-893E08E2BE6A}.Release|Any CPU.ActiveCfg = Release|Any CPU
		{01DF9852-6624-4754-925B-893E08E2BE6A}.Release|Any CPU.Build.0 = Release|Any CPU
		{01DF9852-6624-4754-925B-893E08E2BE6A}.Release|Mixed Platforms.ActiveCfg = Release|Any CPU
		{01DF9852-6624-4754-925B-893E08E2BE6A}.Release|Mixed Platforms.Build.0 = Release|Any CPU
		{01DF9852-6624-4754-925B-893E08E2BE6A}.Release|x86.ActiveCfg = Release|Any CPU
		{BDDB25B8-88DD-48DC-A12D-91D4574BF01B}.All|Any CPU.ActiveCfg = Release|Any CPU
		{BDDB25B8-88DD-48DC-A12D-91D4574BF01B}.All|Any CPU.Build.0 = Release|Any CPU
		{BDDB25B8-88DD-48DC-A12D-91D4574BF01B}.All|Mixed Platforms.ActiveCfg = Release|Any CPU
		{BDDB25B8-88DD-48DC-A12D-91D4574BF01B}.All|Mixed Platforms.Build.0 = Release|Any CPU
		{BDDB25B8-88DD-48DC-A12D-91D4574BF01B}.All|x86.ActiveCfg = Release|Any CPU
		{BDDB25B8-88DD-48DC-A12D-91D4574BF01B}.All|x86.Build.0 = Release|Any CPU
		{BDDB25B8-88DD-48DC-A12D-91D4574BF01B}.Debug|Any CPU.ActiveCfg = Debug|Any CPU
		{BDDB25B8-88DD-48DC-A12D-91D4574BF01B}.Debug|Any CPU.Build.0 = Debug|Any CPU
		{BDDB25B8-88DD-48DC-A12D-91D4574BF01B}.Debug|Mixed Platforms.ActiveCfg = Debug|Any CPU
		{BDDB25B8-88DD-48DC-A12D-91D4574BF01B}.Debug|Mixed Platforms.Build.0 = Debug|Any CPU
		{BDDB25B8-88DD-48DC-A12D-91D4574BF01B}.Debug|x86.ActiveCfg = Debug|Any CPU
		{BDDB25B8-88DD-48DC-A12D-91D4574BF01B}.Release|Any CPU.ActiveCfg = Release|Any CPU
		{BDDB25B8-88DD-48DC-A12D-91D4574BF01B}.Release|Any CPU.Build.0 = Release|Any CPU
		{BDDB25B8-88DD-48DC-A12D-91D4574BF01B}.Release|Mixed Platforms.ActiveCfg = Release|Any CPU
		{BDDB25B8-88DD-48DC-A12D-91D4574BF01B}.Release|Mixed Platforms.Build.0 = Release|Any CPU
		{BDDB25B8-88DD-48DC-A12D-91D4574BF01B}.Release|x86.ActiveCfg = Release|Any CPU
		{D96ECD8A-E9C9-4009-B22A-C190EA376151}.All|Any CPU.ActiveCfg = Release
		{D96ECD8A-E9C9-4009-B22A-C190EA376151}.All|Mixed Platforms.ActiveCfg = Release
		{D96ECD8A-E9C9-4009-B22A-C190EA376151}.All|x86.ActiveCfg = Release
		{D96ECD8A-E9C9-4009-B22A-C190EA376151}.Debug|Any CPU.ActiveCfg = Debug
		{D96ECD8A-E9C9-4009-B22A-C190EA376151}.Debug|Mixed Platforms.ActiveCfg = Debug
		{D96ECD8A-E9C9-4009-B22A-C190EA376151}.Debug|x86.ActiveCfg = Debug
		{D96ECD8A-E9C9-4009-B22A-C190EA376151}.Release|Any CPU.ActiveCfg = Release
		{D96ECD8A-E9C9-4009-B22A-C190EA376151}.Release|Any CPU.Build.0 = Release
		{D96ECD8A-E9C9-4009-B22A-C190EA376151}.Release|Mixed Platforms.ActiveCfg = Release
		{D96ECD8A-E9C9-4009-B22A-C190EA376151}.Release|x86.ActiveCfg = Release
	EndGlobalSection
	GlobalSection(SolutionProperties) = preSolution
		HideSolutionNode = FALSE
	EndGlobalSection
	GlobalSection(ExtensibilityGlobals) = postSolution
		SolutionGuid = {9F815D23-6F2D-4272-A0C6-77E1E83343E7}
	EndGlobalSection
EndGlobal
